
Microsoft Visual Studio Solution File, Format Version 12.00
# Visual Studio Version 17
VisualStudioVersion = 17.2.32630.192
MinimumVisualStudioVersion = 10.0.40219.1
Project("{FAE04EC0-301F-11D3-BF4B-00C04F79EFBC}") = "Corrida.API", "Corrida.API\Corrida.API.csproj", "{64BF0BEC-CB6E-4078-AEE1-53B22D918227}"
EndProject
Global
	GlobalSection(SolutionConfigurationPlatforms) = preSolution
		Debug|Any CPU = Debug|Any CPU
		Release|Any CPU = Release|Any CPU
	EndGlobalSection
	GlobalSection(ProjectConfigurationPlatforms) = postSolution
		{64BF0BEC-CB6E-4078-AEE1-53B22D918227}.Debug|Any CPU.ActiveCfg = Debug|Any CPU
		{64BF0BEC-CB6E-4078-AEE1-53B22D918227}.Debug|Any CPU.Build.0 = Debug|Any CPU
		{64BF0BEC-CB6E-4078-AEE1-53B22D918227}.Release|Any CPU.ActiveCfg = Release|Any CPU
		{64BF0BEC-CB6E-4078-AEE1-53B22D918227}.Release|Any CPU.Build.0 = Release|Any CPU
	EndGlobalSection
	GlobalSection(SolutionProperties) = preSolution
		HideSolutionNode = FALSE
	EndGlobalSection
	GlobalSection(ExtensibilityGlobals) = postSolution
		SolutionGuid = {FF977509-A97F-4206-B0DA-7F8561A15E5D}
	EndGlobalSection
EndGlobal
